
Microsoft Visual Studio Solution File, Format Version 12.00
# Visual Studio Version 17
VisualStudioVersion = 17.8.34322.80
MinimumVisualStudioVersion = 10.0.40219.1
Project("{FAE04EC0-301F-11D3-BF4B-00C04F79EFBC}") = "CAD2024", "CAD2024.csproj", "{D08A2EC4-BCA0-4F3D-800A-D28BB3239838}"
EndProject
Global
	GlobalSection(SolutionConfigurationPlatforms) = preSolution
		Debug|Any CPU = Debug|Any CPU
		Release|Any CPU = Release|Any CPU
	EndGlobalSection
	GlobalSection(ProjectConfigurationPlatforms) = postSolution
		{D08A2EC4-BCA0-4F3D-800A-D28BB3239838}.Debug|Any CPU.ActiveCfg = Debug|Any CPU
		{D08A2EC4-BCA0-4F3D-800A-D28BB3239838}.Debug|Any CPU.Build.0 = Debug|Any CPU
		{D08A2EC4-BCA0-4F3D-800A-D28BB3239838}.Release|Any CPU.ActiveCfg = Release|Any CPU
		{D08A2EC4-BCA0-4F3D-800A-D28BB3239838}.Release|Any CPU.Build.0 = Release|Any CPU
	EndGlobalSection
	GlobalSection(SolutionProperties) = preSolution
		HideSolutionNode = FALSE
	EndGlobalSection
	GlobalSection(ExtensibilityGlobals) = postSolution
		SolutionGuid = {65FFAA83-EA47-4905-8C27-0A0311DDC2DF}
	EndGlobalSection
EndGlobal
